
Microsoft Visual Studio Solution File, Format Version 12.00
# Visual Studio Version 17
VisualStudioVersion = 17.10.35122.118
MinimumVisualStudioVersion = 10.0.40219.1
Project("{FAE04EC0-301F-11D3-BF4B-00C04F79EFBC}") = "Cat-Tasks.CSharpAdvancedPart2", "Cat-Tasks.CSharpAdvancedPart2\Cat-Tasks.CSharpAdvancedPart2.csproj", "{FBF521ED-5110-4795-90BB-3BCBD87FF030}"
EndProject
Global
	GlobalSection(SolutionConfigurationPlatforms) = preSolution
		Debug|Any CPU = Debug|Any CPU
		Release|Any CPU = Release|Any CPU
	EndGlobalSection
	GlobalSection(ProjectConfigurationPlatforms) = postSolution
		{FBF521ED-5110-4795-90BB-3BCBD87FF030}.Debug|Any CPU.ActiveCfg = Debug|Any CPU
		{FBF521ED-5110-4795-90BB-3BCBD87FF030}.Debug|Any CPU.Build.0 = Debug|Any CPU
		{FBF521ED-5110-4795-90BB-3BCBD87FF030}.Release|Any CPU.ActiveCfg = Release|Any CPU
		{FBF521ED-5110-4795-90BB-3BCBD87FF030}.Release|Any CPU.Build.0 = Release|Any CPU
	EndGlobalSection
	GlobalSection(SolutionProperties) = preSolution
		HideSolutionNode = FALSE
	EndGlobalSection
	GlobalSection(ExtensibilityGlobals) = postSolution
		SolutionGuid = {DC1A4608-67A8-4921-9031-0326FF94A3BE}
	EndGlobalSection
EndGlobal
